
Microsoft Visual Studio Solution File, Format Version 12.00
# Visual Studio Version 17
VisualStudioVersion = 17.6.33717.318
MinimumVisualStudioVersion = 10.0.40219.1
Project("{9A19103F-16F7-4668-BE54-9A1E7A4F7556}") = "Harmonic.Shared", "Harmonic.Shared\Harmonic.Shared.csproj", "{D724D2DB-5096-454B-BC77-30B79068334C}"
EndProject
Project("{2150E333-8FDC-42A3-9474-1A3956D46DE8}") = "src", "src", "{EFC2D562-7D2E-4670-A2D5-F8C673B27434}"
EndProject
Project("{9A19103F-16F7-4668-BE54-9A1E7A4F7556}") = "Harmonic.Infra", "Harmonic.Infra\Harmonic.Infra.csproj", "{77B153EE-0714-4A6E-8805-6EE122345CE1}"
	ProjectSection(ProjectDependencies) = postProject
		{D724D2DB-5096-454B-BC77-30B79068334C} = {D724D2DB-5096-454B-BC77-30B79068334C}
	EndProjectSection
EndProject
Project("{9A19103F-16F7-4668-BE54-9A1E7A4F7556}") = "Harmonic.Regras", "Harmonic.Regras\Harmonic.Regras.csproj", "{C149B917-0B4F-46C9-B783-7D0EC9872854}"
	ProjectSection(ProjectDependencies) = postProject
		{EE0F9971-FC60-4D33-A2E8-AFD2B99A1D64} = {EE0F9971-FC60-4D33-A2E8-AFD2B99A1D64}
	EndProjectSection
EndProject
Project("{9A19103F-16F7-4668-BE54-9A1E7A4F7556}") = "Harmonic.Domain", "Harmonic.Domain\Harmonic.Domain.csproj", "{EE0F9971-FC60-4D33-A2E8-AFD2B99A1D64}"
EndProject
Project("{9A19103F-16F7-4668-BE54-9A1E7A4F7556}") = "Harmonic.API", "Harmonic.API\Harmonic.API.csproj", "{2C897574-9562-468A-846E-DAE6E503ACE8}"
EndProject
Global
	GlobalSection(SolutionConfigurationPlatforms) = preSolution
		Debug|Any CPU = Debug|Any CPU
		Release|Any CPU = Release|Any CPU
	EndGlobalSection
	GlobalSection(ProjectConfigurationPlatforms) = postSolution
		{D724D2DB-5096-454B-BC77-30B79068334C}.Debug|Any CPU.ActiveCfg = Debug|Any CPU
		{D724D2DB-5096-454B-BC77-30B79068334C}.Debug|Any CPU.Build.0 = Debug|Any CPU
		{D724D2DB-5096-454B-BC77-30B79068334C}.Release|Any CPU.ActiveCfg = Release|Any CPU
		{D724D2DB-5096-454B-BC77-30B79068334C}.Release|Any CPU.Build.0 = Release|Any CPU
		{77B153EE-0714-4A6E-8805-6EE122345CE1}.Debug|Any CPU.ActiveCfg = Debug|Any CPU
		{77B153EE-0714-4A6E-8805-6EE122345CE1}.Debug|Any CPU.Build.0 = Debug|Any CPU
		{77B153EE-0714-4A6E-8805-6EE122345CE1}.Release|Any CPU.ActiveCfg = Release|Any CPU
		{77B153EE-0714-4A6E-8805-6EE122345CE1}.Release|Any CPU.Build.0 = Release|Any CPU
		{C149B917-0B4F-46C9-B783-7D0EC9872854}.Debug|Any CPU.ActiveCfg = Debug|Any CPU
		{C149B917-0B4F-46C9-B783-7D0EC9872854}.Debug|Any CPU.Build.0 = Debug|Any CPU
		{C149B917-0B4F-46C9-B783-7D0EC9872854}.Release|Any CPU.ActiveCfg = Release|Any CPU
		{C149B917-0B4F-46C9-B783-7D0EC9872854}.Release|Any CPU.Build.0 = Release|Any CPU
		{EE0F9971-FC60-4D33-A2E8-AFD2B99A1D64}.Debug|Any CPU.ActiveCfg = Debug|Any CPU
		{EE0F9971-FC60-4D33-A2E8-AFD2B99A1D64}.Debug|Any CPU.Build.0 = Debug|Any CPU
		{EE0F9971-FC60-4D33-A2E8-AFD2B99A1D64}.Release|Any CPU.ActiveCfg = Release|Any CPU
		{EE0F9971-FC60-4D33-A2E8-AFD2B99A1D64}.Release|Any CPU.Build.0 = Release|Any CPU
		{2C897574-9562-468A-846E-DAE6E503ACE8}.Debug|Any CPU.ActiveCfg = Debug|Any CPU
		{2C897574-9562-468A-846E-DAE6E503ACE8}.Debug|Any CPU.Build.0 = Debug|Any CPU
		{2C897574-9562-468A-846E-DAE6E503ACE8}.Release|Any CPU.ActiveCfg = Release|Any CPU
		{2C897574-9562-468A-846E-DAE6E503ACE8}.Release|Any CPU.Build.0 = Release|Any CPU
	EndGlobalSection
	GlobalSection(SolutionProperties) = preSolution
		HideSolutionNode = FALSE
	EndGlobalSection
	GlobalSection(NestedProjects) = preSolution
		{D724D2DB-5096-454B-BC77-30B79068334C} = {EFC2D562-7D2E-4670-A2D5-F8C673B27434}
		{77B153EE-0714-4A6E-8805-6EE122345CE1} = {EFC2D562-7D2E-4670-A2D5-F8C673B27434}
		{C149B917-0B4F-46C9-B783-7D0EC9872854} = {EFC2D562-7D2E-4670-A2D5-F8C673B27434}
		{EE0F9971-FC60-4D33-A2E8-AFD2B99A1D64} = {EFC2D562-7D2E-4670-A2D5-F8C673B27434}
		{2C897574-9562-468A-846E-DAE6E503ACE8} = {EFC2D562-7D2E-4670-A2D5-F8C673B27434}
	EndGlobalSection
	GlobalSection(ExtensibilityGlobals) = postSolution
		SolutionGuid = {880CF16D-61B8-4A9E-9DD2-30C29465125C}
	EndGlobalSection
EndGlobal
